// !$*UTF8*$!
{
	archiveVersion = 1;
	classes = {
	};
	objectVersion = 77;
	objects = {

/* Begin PBXBuildFile section */
		B21503C072FD90588DBB78B3 /* KlarCore in Frameworks */ = {isa = PBXBuildFile; productRef = 1E3D38F9B05F7E2D106C9FD2 /* KlarCore */; };
/* End PBXBuildFile section */

/* Begin PBXContainerItemProxy section */
		3923392230054E0D00A5DC89 /* PBXContainerItemProxy */ = {
			isa = PBXContainerItemProxy;
			containerPortal = 3923390C30054E0C00A5DC89 /* Project object */;
			proxyType = 1;
			remoteGlobalIDString = 3923391330054E0C00A5DC89;
			remoteInfo = Klar;
		};
		3923392C30054E0D00A5DC89 /* PBXContainerItemProxy */ = {
			isa = PBXContainerItemProxy;
			containerPortal = 3923390C30054E0C00A5DC89 /* Project object */;
			proxyType = 1;
			remoteGlobalIDString = 3923391330054E0C00A5DC89;
			remoteInfo = Klar;
		};
/* End PBXContainerItemProxy section */

/* Begin PBXFileReference section */
		3923391430054E0C00A5DC89 /* Klar.app */ = {isa = PBXFileReference; explicitFileType = wrapper.application; includeInIndex = 0; path = Klar.app; sourceTree = BUILT_PRODUCTS_DIR; };
		3923392130054E0D00A5DC89 /* KlarTests.xctest */ = {isa = PBXFileReference; explicitFileType = wrapper.cfbundle; includeInIndex = 0; path = KlarTests.xctest; sourceTree = BUILT_PRODUCTS_DIR; };
		3923392B30054E0D00A5DC89 /* KlarUITests.xctest */ = {isa = PBXFileReference; explicitFileType = wrapper.cfbundle; includeInIndex = 0; path = KlarUITests.xctest; sourceTree = BUILT_PRODUCTS_DIR; };
/* End PBXFileReference section */

/* Begin PBXFileSystemSynchronizedBuildFileExceptionSet section */
		3923394A30054E0E00A5DC89 /* Exceptions for "Klar" folder in "Klar" target */ = {
			isa = PBXFileSystemSynchronizedBuildFileExceptionSet;
			membershipExceptions = (
				Info.plist,
			);
			target = 3923391330054E0C00A5DC89 /* Klar */;
		};
/* End PBXFileSystemSynchronizedBuildFileExceptionSet section */

/* Begin PBXFileSystemSynchronizedRootGroup section */
		3923391630054E0C00A5DC89 /* Klar */ = {
			isa = PBXFileSystemSynchronizedRootGroup;
			exceptions = (
				3923394A30054E0E00A5DC89 /* Exceptions for "Klar" folder in "Klar" target */,
			);
			path = Klar;
			sourceTree = "<group>";
		};
		3923392430054E0D00A5DC89 /* KlarTests */ = {
			isa = PBXFileSystemSynchronizedRootGroup;
			path = KlarTests;
			sourceTree = "<group>";
		};
		3923392E30054E0D00A5DC89 /* KlarUITests */ = {
			isa = PBXFileSystemSynchronizedRootGroup;
			path = KlarUITests;
			sourceTree = "<group>";
		};
/* End PBXFileSystemSynchronizedRootGroup section */

/* Begin PBXFrameworksBuildPhase section */
		3923391130054E0C00A5DC89 /* Frameworks */ = {
			isa = PBXFrameworksBuildPhase;
			buildActionMask = 2147483647;
			files = (
				B21503C072FD90588DBB78B3 /* KlarCore in Frameworks */,
			);
			runOnlyForDeploymentPostprocessing = 0;
		};
		3923391E30054E0D00A5DC89 /* Frameworks */ = {
			isa = PBXFrameworksBuildPhase;
			buildActionMask = 2147483647;
			files = (
			);
			runOnlyForDeploymentPostprocessing = 0;
		};
		3923392830054E0D00A5DC89 /* Frameworks */ = {
			isa = PBXFrameworksBuildPhase;
			buildActionMask = 2147483647;
			files = (
			);
			runOnlyForDeploymentPostprocessing = 0;
		};
/* End PBXFrameworksBuildPhase section */

/* Begin PBXGroup section */
		3923390B30054E0C00A5DC89 = {
			isa = PBXGroup;
			children = (
				3923391630054E0C00A5DC89 /* Klar */,
				3923392430054E0D00A5DC89 /* KlarTests */,
				3923392E30054E0D00A5DC89 /* KlarUITests */,
				3923391530054E0C00A5DC89 /* Products */,
			);
			sourceTree = "<group>";
		};
		3923391530054E0C00A5DC89 /* Products */ = {
			isa = PBXGroup;
			children = (
				3923391430054E0C00A5DC89 /* Klar.app */,
				3923392130054E0D00A5DC89 /* KlarTests.xctest */,
				3923392B30054E0D00A5DC89 /* KlarUITests.xctest */,
			);
			name = Products;
			sourceTree = "<group>";
		};
/* End PBXGroup section */

/* Begin PBXNativeTarget section */
		3923391330054E0C00A5DC89 /* Klar */ = {
			isa = PBXNativeTarget;
			buildConfigurationList = 3923393530054E0D00A5DC89 /* Build configuration list for PBXNativeTarget "Klar" */;
			buildPhases = (
				3923391030054E0C00A5DC89 /* Sources */,
				3923391130054E0C00A5DC89 /* Frameworks */,
				3923391230054E0C00A5DC89 /* Resources */,
			);
			buildRules = (
			);
			dependencies = (
			);
			fileSystemSynchronizedGroups = (
				3923391630054E0C00A5DC89 /* Klar */,
			);
			name = Klar;
			packageProductDependencies = (
				1E3D38F9B05F7E2D106C9FD2 /* KlarCore */,
			);
			productName = Klar;
			productReference = 3923391430054E0C00A5DC89 /* Klar.app */;
			productType = "com.apple.product-type.application";
		};
		3923392030054E0D00A5DC89 /* KlarTests */ = {
			isa = PBXNativeTarget;
			buildConfigurationList = 3923393830054E0D00A5DC89 /* Build configuration list for PBXNativeTarget "KlarTests" */;
			buildPhases = (
				3923391D30054E0D00A5DC89 /* Sources */,
				3923391E30054E0D00A5DC89 /* Frameworks */,
				3923391F30054E0D00A5DC89 /* Resources */,
			);
			buildRules = (
			);
			dependencies = (
				3923392330054E0D00A5DC89 /* PBXTargetDependency */,
			);
			fileSystemSynchronizedGroups = (
				3923392430054E0D00A5DC89 /* KlarTests */,
			);
			name = KlarTests;
			packageProductDependencies = (
			);
			productName = KlarTests;
			productReference = 3923392130054E0D00A5DC89 /* KlarTests.xctest */;
			productType = "com.apple.product-type.bundle.unit-test";
		};
		3923392A30054E0D00A5DC89 /* KlarUITests */ = {
			isa = PBXNativeTarget;
			buildConfigurationList = 3923393B30054E0D00A5DC89 /* Build configuration list for PBXNativeTarget "KlarUITests" */;
			buildPhases = (
				3923392730054E0D00A5DC89 /* Sources */,
				3923392830054E0D00A5DC89 /* Frameworks */,
				3923392930054E0D00A5DC89 /* Resources */,
			);
			buildRules = (
			);
			dependencies = (
				3923392D30054E0D00A5DC89 /* PBXTargetDependency */,
			);
			fileSystemSynchronizedGroups = (
				3923392E30054E0D00A5DC89 /* KlarUITests */,
			);
			name = KlarUITests;
			packageProductDependencies = (
			);
			productName = KlarUITests;
			productReference = 3923392B30054E0D00A5DC89 /* KlarUITests.xctest */;
			productType = "com.apple.product-type.bundle.ui-testing";
		};
/* End PBXNativeTarget section */

/* Begin PBXProject section */
		3923390C30054E0C00A5DC89 /* Project object */ = {
			isa = PBXProject;
			attributes = {
				BuildIndependentTargetsInParallel = 1;
				LastSwiftUpdateCheck = 2660;
				LastUpgradeCheck = 2660;
				TargetAttributes = {
					3923391330054E0C00A5DC89 = {
						CreatedOnToolsVersion = 26.6;
					};
					3923392030054E0D00A5DC89 = {
						CreatedOnToolsVersion = 26.6;
						TestTargetID = 3923391330054E0C00A5DC89;
					};
					3923392A30054E0D00A5DC89 = {
						CreatedOnToolsVersion = 26.6;
						TestTargetID = 3923391330054E0C00A5DC89;
					};
				};
			};
			buildConfigurationList = 3923390F30054E0C00A5DC89 /* Build configuration list for PBXProject "Klar" */;
			developmentRegion = de;
			hasScannedForEncodings = 0;
			knownRegions = (
				de,
				Base,
			);
			mainGroup = 3923390B30054E0C00A5DC89;
			minimizedProjectReferenceProxies = 1;
			packageReferences = (
				F411788C181EB3DFECB98148 /* XCLocalSwiftPackageReference "../Packages/KlarCore" */,
			);
			preferredProjectObjectVersion = 77;
			productRefGroup = 3923391530054E0C00A5DC89 /* Products */;
			projectDirPath = "";
			projectRoot = "";
			targets = (
				3923391330054E0C00A5DC89 /* Klar */,
				3923392030054E0D00A5DC89 /* KlarTests */,
				3923392A30054E0D00A5DC89 /* KlarUITests */,
			);
		};
/* End PBXProject section */

/* Begin PBXResourcesBuildPhase section */
		3923391230054E0C00A5DC89 /* Resources */ = {
			isa = PBXResourcesBuildPhase;
			buildActionMask = 2147483647;
			files = (
			);
			runOnlyForDeploymentPostprocessing = 0;
		};
		3923391F30054E0D00A5DC89 /* Resources */ = {
			isa = PBXResourcesBuildPhase;
			buildActionMask = 2147483647;
			files = (
			);
			runOnlyForDeploymentPostprocessing = 0;
		};
		3923392930054E0D00A5DC89 /* Resources */ = {
			isa = PBXResourcesBuildPhase;
			buildActionMask = 2147483647;
			files = (
			);
			runOnlyForDeploymentPostprocessing = 0;
		};
/* End PBXResourcesBuildPhase section */

/* Begin PBXSourcesBuildPhase section */
		3923391030054E0C00A5DC89 /* Sources */ = {
			isa = PBXSourcesBuildPhase;
			buildActionMask = 2147483647;
			files = (
			);
			runOnlyForDeploymentPostprocessing = 0;
		};
		3923391D30054E0D00A5DC89 /* Sources */ = {
			isa = PBXSourcesBuildPhase;
			buildActionMask = 2147483647;
			files = (
			);
			runOnlyForDeploymentPostprocessing = 0;
		};
		3923392730054E0D00A5DC89 /* Sources */ = {
			isa = PBXSourcesBuildPhase;
			buildActionMask = 2147483647;
			files = (
			);
			runOnlyForDeploymentPostprocessing = 0;
		};
/* End PBXSourcesBuildPhase section */

/* Begin PBXTargetDependency section */
		3923392330054E0D00A5DC89 /* PBXTargetDependency */ = {
			isa = PBXTargetDependency;
			target = 3923391330054E0C00A5DC89 /* Klar */;
			targetProxy = 3923392230054E0D00A5DC89 /* PBXContainerItemProxy */;
		};
		3923392D30054E0D00A5DC89 /* PBXTargetDependency */ = {
			isa = PBXTargetDependency;
			target = 3923391330054E0C00A5DC89 /* Klar */;
			targetProxy = 3923392C30054E0D00A5DC89 /* PBXContainerItemProxy */;
		};
/* End PBXTargetDependency section */

/* Begin XCBuildConfiguration section */
		3923393330054E0D00A5DC89 /* Debug */ = {
			isa = XCBuildConfiguration;
			buildSettings = {
				ALWAYS_SEARCH_USER_PATHS = NO;
				ASSETCATALOG_COMPILER_GENERATE_SWIFT_ASSET_SYMBOL_EXTENSIONS = YES;
				CLANG_ANALYZER_NONNULL = YES;
				CLANG_ANALYZER_NUMBER_OBJECT_CONVERSION = YES_AGGRESSIVE;
				CLANG_CXX_LANGUAGE_STANDARD = "gnu++20";
				CLANG_ENABLE_MODULES = YES;
				CLANG_ENABLE_OBJC_ARC = YES;
				CLANG_ENABLE_OBJC_WEAK = YES;
				CLANG_WARN_BLOCK_CAPTURE_AUTORELEASING = YES;
				CLANG_WARN_BOOL_CONVERSION = YES;
				CLANG_WARN_COMMA = YES;
				CLANG_WARN_CONSTANT_CONVERSION = YES;
				CLANG_WARN_DEPRECATED_OBJC_IMPLEMENTATIONS = YES;
				CLANG_WARN_DIRECT_OBJC_ISA_USAGE = YES_ERROR;
				CLANG_WARN_DOCUMENTATION_COMMENTS = YES;
				CLANG_WARN_EMPTY_BODY = YES;
				CLANG_WARN_ENUM_CONVERSION = YES;
				CLANG_WARN_INFINITE_RECURSION = YES;
				CLANG_WARN_INT_CONVERSION = YES;
				CLANG_WARN_NON_LITERAL_NULL_CONVERSION = YES;
				CLANG_WARN_OBJC_IMPLICIT_RETAIN_SELF = YES;
				CLANG_WARN_OBJC_LITERAL_CONVERSION = YES;
				CLANG_WARN_OBJC_ROOT_CLASS = YES_ERROR;
				CLANG_WARN_QUOTED_INCLUDE_IN_FRAMEWORK_HEADER = YES;
				CLANG_WARN_RANGE_LOOP_ANALYSIS = YES;
				CLANG_WARN_STRICT_PROTOTYPES = YES;
				CLANG_WARN_SUSPICIOUS_MOVE = YES;
				CLANG_WARN_UNGUARDED_AVAILABILITY = YES_AGGRESSIVE;
				CLANG_WARN_UNREACHABLE_CODE = YES;
				CLANG_WARN__DUPLICATE_METHOD_MATCH = YES;
				COPY_PHASE_STRIP = NO;
				DEBUG_INFORMATION_FORMAT = dwarf;
				DEVELOPMENT_TEAM = J4CKX98DE6;
				ENABLE_STRICT_OBJC_MSGSEND = YES;
				ENABLE_TESTABILITY = YES;
				ENABLE_USER_SCRIPT_SANDBOXING = YES;
				GCC_C_LANGUAGE_STANDARD = gnu17;
				GCC_DYNAMIC_NO_PIC = NO;
				GCC_NO_COMMON_BLOCKS = YES;
				GCC_OPTIMIZATION_LEVEL = 0;
				GCC_PREPROCESSOR_DEFINITIONS = (
					"DEBUG=1",
					"$(inherited)",
				);
				GCC_WARN_64_TO_32_BIT_CONVERSION = YES;
				GCC_WARN_ABOUT_RETURN_TYPE = YES_ERROR;
				GCC_WARN_UNDECLARED_SELECTOR = YES;
				GCC_WARN_UNINITIALIZED_AUTOS = YES_AGGRESSIVE;
				GCC_WARN_UNUSED_FUNCTION = YES;
				GCC_WARN_UNUSED_VARIABLE = YES;
				IPHONEOS_DEPLOYMENT_TARGET = 26.5;
				LOCALIZATION_PREFERS_STRING_CATALOGS = YES;
				MTL_ENABLE_DEBUG_INFO = INCLUDE_SOURCE;
				MTL_FAST_MATH = YES;
				ONLY_ACTIVE_ARCH = YES;
				SDKROOT = iphoneos;
				SWIFT_ACTIVE_COMPILATION_CONDITIONS = "DEBUG $(inherited)";
				SWIFT_OPTIMIZATION_LEVEL = "-Onone";
			};
			name = Debug;
		};
		3923393430054E0D00A5DC89 /* Release */ = {
			isa = XCBuildConfiguration;
			buildSettings = {
				ALWAYS_SEARCH_USER_PATHS = NO;
				ASSETCATALOG_COMPILER_GENERATE_SWIFT_ASSET_SYMBOL_EXTENSIONS = YES;
				CLANG_ANALYZER_NONNULL = YES;
				CLANG_ANALYZER_NUMBER_OBJECT_CONVERSION = YES_AGGRESSIVE;
				CLANG_CXX_LANGUAGE_STANDARD = "gnu++20";
				CLANG_ENABLE_MODULES = YES;
				CLANG_ENABLE_OBJC_ARC = YES;
				CLANG_ENABLE_OBJC_WEAK = YES;
				CLANG_WARN_BLOCK_CAPTURE_AUTORELEASING = YES;
				CLANG_WARN_BOOL_CONVERSION = YES;
				CLANG_WARN_COMMA = YES;
				CLANG_WARN_CONSTANT_CONVERSION = YES;
				CLANG_WARN_DEPRECATED_OBJC_IMPLEMENTATIONS = YES;
				CLANG_WARN_DIRECT_OBJC_ISA_USAGE = YES_ERROR;
				CLANG_WARN_DOCUMENTATION_COMMENTS = YES;
				CLANG_WARN_EMPTY_BODY = YES;
				CLANG_WARN_ENUM_CONVERSION = YES;
				CLANG_WARN_INFINITE_RECURSION = YES;
				CLANG_WARN_INT_CONVERSION = YES;
				CLANG_WARN_NON_LITERAL_NULL_CONVERSION = YES;
				CLANG_WARN_OBJC_IMPLICIT_RETAIN_SELF = YES;
				CLANG_WARN_OBJC_LITERAL_CONVERSION = YES;
				CLANG_WARN_OBJC_ROOT_CLASS = YES_ERROR;
				CLANG_WARN_QUOTED_INCLUDE_IN_FRAMEWORK_HEADER = YES;
				CLANG_WARN_RANGE_LOOP_ANALYSIS = YES;
				CLANG_WARN_STRICT_PROTOTYPES = YES;
				CLANG_WARN_SUSPICIOUS_MOVE = YES;
				CLANG_WARN_UNGUARDED_AVAILABILITY = YES_AGGRESSIVE;
				CLANG_WARN_UNREACHABLE_CODE = YES;
				CLANG_WARN__DUPLICATE_METHOD_MATCH = YES;
				COPY_PHASE_STRIP = NO;
				DEBUG_INFORMATION_FORMAT = "dwarf-with-dsym";
				DEVELOPMENT_TEAM = J4CKX98DE6;
				ENABLE_NS_ASSERTIONS = NO;
				ENABLE_STRICT_OBJC_MSGSEND = YES;
				ENABLE_USER_SCRIPT_SANDBOXING = YES;
				GCC_C_LANGUAGE_STANDARD = gnu17;
				GCC_NO_COMMON_BLOCKS = YES;
				GCC_WARN_64_TO_32_BIT_CONVERSION = YES;
				GCC_WARN_ABOUT_RETURN_TYPE = YES_ERROR;
				GCC_WARN_UNDECLARED_SELECTOR = YES;
				GCC_WARN_UNINITIALIZED_AUTOS = YES_AGGRESSIVE;
				GCC_WARN_UNUSED_FUNCTION = YES;
				GCC_WARN_UNUSED_VARIABLE = YES;
				IPHONEOS_DEPLOYMENT_TARGET = 26.5;
				LOCALIZATION_PREFERS_STRING_CATALOGS = YES;
				MTL_ENABLE_DEBUG_INFO = NO;
				MTL_FAST_MATH = YES;
				SDKROOT = iphoneos;
				SWIFT_COMPILATION_MODE = wholemodule;
				VALIDATE_PRODUCT = YES;
			};
			name = Release;
		};
		3923393630054E0D00A5DC89 /* Debug */ = {
			isa = XCBuildConfiguration;
			buildSettings = {
				ASSETCATALOG_COMPILER_APPICON_NAME = AppIcon;
				ASSETCATALOG_COMPILER_GLOBAL_ACCENT_COLOR_NAME = AccentColor;
				CODE_SIGN_ENTITLEMENTS = Klar/Klar.entitlements;
				CODE_SIGN_STYLE = Automatic;
				CURRENT_PROJECT_VERSION = 1;
				DEVELOPMENT_TEAM = J4CKX98DE6;
				ENABLE_PREVIEWS = YES;
				GENERATE_INFOPLIST_FILE = YES;
				INFOPLIST_FILE = Klar/Info.plist;
				INFOPLIST_KEY_UIApplicationSceneManifest_Generation = YES;
				INFOPLIST_KEY_UIApplicationSupportsIndirectInputEvents = YES;
				INFOPLIST_KEY_UISupportedInterfaceOrientations_iPhone = UIInterfaceOrientationPortrait;
				LD_RUNPATH_SEARCH_PATHS = (
					"$(inherited)",
					"@executable_path/Frameworks",
				);
				MARKETING_VERSION = 1.0;
				PRODUCT_BUNDLE_IDENTIFIER = de.lenhard.Klar;
				PRODUCT_NAME = "$(TARGET_NAME)";
				STRING_CATALOG_GENERATE_SYMBOLS = YES;
				SWIFT_APPROACHABLE_CONCURRENCY = YES;
				SWIFT_DEFAULT_ACTOR_ISOLATION = MainActor;
				SWIFT_EMIT_LOC_STRINGS = YES;
				SWIFT_UPCOMING_FEATURE_MEMBER_IMPORT_VISIBILITY = YES;
				SWIFT_VERSION = 5.0;
				TARGETED_DEVICE_FAMILY = 1;
			};
			name = Debug;
		};
		3923393730054E0D00A5DC89 /* Release */ = {
			isa = XCBuildConfiguration;
			buildSettings = {
				ASSETCATALOG_COMPILER_APPICON_NAME = AppIcon;
				ASSETCATALOG_COMPILER_GLOBAL_ACCENT_COLOR_NAME = AccentColor;
				CODE_SIGN_ENTITLEMENTS = Klar/Klar.entitlements;
				CODE_SIGN_STYLE = Automatic;
				CURRENT_PROJECT_VERSION = 1;
				DEVELOPMENT_TEAM = J4CKX98DE6;
				ENABLE_PREVIEWS = YES;
				GENERATE_INFOPLIST_FILE = YES;
				INFOPLIST_FILE = Klar/Info.plist;
				INFOPLIST_KEY_UIApplicationSceneManifest_Generation = YES;
				INFOPLIST_KEY_UIApplicationSupportsIndirectInputEvents = YES;
				INFOPLIST_KEY_UISupportedInterfaceOrientations_iPhone = UIInterfaceOrientationPortrait;
				LD_RUNPATH_SEARCH_PATHS = (
					"$(inherited)",
					"@executable_path/Frameworks",
				);
				MARKETING_VERSION = 1.0;
				PRODUCT_BUNDLE_IDENTIFIER = de.lenhard.Klar;
				PRODUCT_NAME = "$(TARGET_NAME)";
				STRING_CATALOG_GENERATE_SYMBOLS = YES;
				SWIFT_APPROACHABLE_CONCURRENCY = YES;
				SWIFT_DEFAULT_ACTOR_ISOLATION = MainActor;
				SWIFT_EMIT_LOC_STRINGS = YES;
				SWIFT_UPCOMING_FEATURE_MEMBER_IMPORT_VISIBILITY = YES;
				SWIFT_VERSION = 5.0;
				TARGETED_DEVICE_FAMILY = 1;
			};
			name = Release;
		};
		3923393930054E0D00A5DC89 /* Debug */ = {
			isa = XCBuildConfiguration;
			buildSettings = {
				BUNDLE_LOADER = "$(TEST_HOST)";
				CODE_SIGN_STYLE = Automatic;
				CURRENT_PROJECT_VERSION = 1;
				DEVELOPMENT_TEAM = J4CKX98DE6;
				GENERATE_INFOPLIST_FILE = YES;
				IPHONEOS_DEPLOYMENT_TARGET = 26.5;
				MARKETING_VERSION = 1.0;
				PRODUCT_BUNDLE_IDENTIFIER = de.lenhard.KlarTests;
				PRODUCT_NAME = "$(TARGET_NAME)";
				STRING_CATALOG_GENERATE_SYMBOLS = NO;
				SWIFT_APPROACHABLE_CONCURRENCY = YES;
				SWIFT_EMIT_LOC_STRINGS = NO;
				SWIFT_UPCOMING_FEATURE_MEMBER_IMPORT_VISIBILITY = YES;
				SWIFT_VERSION = 5.0;
				TARGETED_DEVICE_FAMILY = 1;
				TEST_HOST = "$(BUILT_PRODUCTS_DIR)/Klar.app/$(BUNDLE_EXECUTABLE_FOLDER_PATH)/Klar";
			};
			name = Debug;
		};
		3923393A30054E0D00A5DC89 /* Release */ = {
			isa = XCBuildConfiguration;
			buildSettings = {
				BUNDLE_LOADER = "$(TEST_HOST)";
				CODE_SIGN_STYLE = Automatic;
				CURRENT_PROJECT_VERSION = 1;
				DEVELOPMENT_TEAM = J4CKX98DE6;
				GENERATE_INFOPLIST_FILE = YES;
				IPHONEOS_DEPLOYMENT_TARGET = 26.5;
				MARKETING_VERSION = 1.0;
				PRODUCT_BUNDLE_IDENTIFIER = de.lenhard.KlarTests;
				PRODUCT_NAME = "$(TARGET_NAME)";
				STRING_CATALOG_GENERATE_SYMBOLS = NO;
				SWIFT_APPROACHABLE_CONCURRENCY = YES;
				SWIFT_EMIT_LOC_STRINGS = NO;
				SWIFT_UPCOMING_FEATURE_MEMBER_IMPORT_VISIBILITY = YES;
				SWIFT_VERSION = 5.0;
				TARGETED_DEVICE_FAMILY = 1;
				TEST_HOST = "$(BUILT_PRODUCTS_DIR)/Klar.app/$(BUNDLE_EXECUTABLE_FOLDER_PATH)/Klar";
			};
			name = Release;
		};
		3923393C30054E0D00A5DC89 /* Debug */ = {
			isa = XCBuildConfiguration;
			buildSettings = {
				CODE_SIGN_STYLE = Automatic;
				CURRENT_PROJECT_VERSION = 1;
				DEVELOPMENT_TEAM = J4CKX98DE6;
				GENERATE_INFOPLIST_FILE = YES;
				MARKETING_VERSION = 1.0;
				PRODUCT_BUNDLE_IDENTIFIER = de.lenhard.KlarUITests;
				PRODUCT_NAME = "$(TARGET_NAME)";
				STRING_CATALOG_GENERATE_SYMBOLS = NO;
				SWIFT_APPROACHABLE_CONCURRENCY = YES;
				SWIFT_EMIT_LOC_STRINGS = NO;
				SWIFT_UPCOMING_FEATURE_MEMBER_IMPORT_VISIBILITY = YES;
				SWIFT_VERSION = 5.0;
				TARGETED_DEVICE_FAMILY = 1;
				TEST_TARGET_NAME = Klar;
			};
			name = Debug;
		};
		3923393D30054E0D00A5DC89 /* Release */ = {
			isa = XCBuildConfiguration;
			buildSettings = {
				CODE_SIGN_STYLE = Automatic;
				CURRENT_PROJECT_VERSION = 1;
				DEVELOPMENT_TEAM = J4CKX98DE6;
				GENERATE_INFOPLIST_FILE = YES;
				MARKETING_VERSION = 1.0;
				PRODUCT_BUNDLE_IDENTIFIER = de.lenhard.KlarUITests;
				PRODUCT_NAME = "$(TARGET_NAME)";
				STRING_CATALOG_GENERATE_SYMBOLS = NO;
				SWIFT_APPROACHABLE_CONCURRENCY = YES;
				SWIFT_EMIT_LOC_STRINGS = NO;
				SWIFT_UPCOMING_FEATURE_MEMBER_IMPORT_VISIBILITY = YES;
				SWIFT_VERSION = 5.0;
				TARGETED_DEVICE_FAMILY = 1;
				TEST_TARGET_NAME = Klar;
			};
			name = Release;
		};
/* End XCBuildConfiguration section */

/* Begin XCConfigurationList section */
		3923390F30054E0C00A5DC89 /* Build configuration list for PBXProject "Klar" */ = {
			isa = XCConfigurationList;
			buildConfigurations = (
				3923393330054E0D00A5DC89 /* Debug */,
				3923393430054E0D00A5DC89 /* Release */,
			);
			defaultConfigurationIsVisible = 0;
			defaultConfigurationName = Release;
		};
		3923393530054E0D00A5DC89 /* Build configuration list for PBXNativeTarget "Klar" */ = {
			isa = XCConfigurationList;
			buildConfigurations = (
				3923393630054E0D00A5DC89 /* Debug */,
				3923393730054E0D00A5DC89 /* Release */,
			);
			defaultConfigurationIsVisible = 0;
			defaultConfigurationName = Release;
		};
		3923393830054E0D00A5DC89 /* Build configuration list for PBXNativeTarget "KlarTests" */ = {
			isa = XCConfigurationList;
			buildConfigurations = (
				3923393930054E0D00A5DC89 /* Debug */,
				3923393A30054E0D00A5DC89 /* Release */,
			);
			defaultConfigurationIsVisible = 0;
			defaultConfigurationName = Release;
		};
		3923393B30054E0D00A5DC89 /* Build configuration list for PBXNativeTarget "KlarUITests" */ = {
			isa = XCConfigurationList;
			buildConfigurations = (
				3923393C30054E0D00A5DC89 /* Debug */,
				3923393D30054E0D00A5DC89 /* Release */,
			);
			defaultConfigurationIsVisible = 0;
			defaultConfigurationName = Release;
		};
/* End XCConfigurationList section */

/* Begin XCLocalSwiftPackageReference section */
		F411788C181EB3DFECB98148 /* XCLocalSwiftPackageReference "../Packages/KlarCore" */ = {
			isa = XCLocalSwiftPackageReference;
			relativePath = ../Packages/KlarCore;
		};
/* End XCLocalSwiftPackageReference section */

/* Begin XCSwiftPackageProductDependency section */
		1E3D38F9B05F7E2D106C9FD2 /* KlarCore */ = {
			isa = XCSwiftPackageProductDependency;
			productName = KlarCore;
		};
/* End XCSwiftPackageProductDependency section */
	};
	rootObject = 3923390C30054E0C00A5DC89 /* Project object */;
}
